
Microsoft Visual Studio Solution File, Format Version 12.00
# Visual Studio Version 17
VisualStudioVersion = 17.12.35506.116
MinimumVisualStudioVersion = 10.0.40219.1
Project("{2150E333-8FDC-42A3-9474-1A3956D46DE8}") = "Solution Items", "Solution Items", "{054ADD4F-343B-4FC5-8304-24CD09D1385F}"
EndProject
Project("{FAE04EC0-301F-11D3-BF4B-00C04F79EFBC}") = "PangYaC", "WindowsFormsApp1\PangYaC.csproj", "{2E1BB55C-ECEE-4A99-AACE-42CE6937B42D}"
EndProject
Global
	GlobalSection(SolutionConfigurationPlatforms) = preSolution
		Debug|Any CPU = Debug|Any CPU
		Debug|x64 = Debug|x64
		Release|Any CPU = Release|Any CPU
		Release|x64 = Release|x64
	EndGlobalSection
	GlobalSection(ProjectConfigurationPlatforms) = postSolution
		{2E1BB55C-ECEE-4A99-AACE-42CE6937B42D}.Debug|Any CPU.ActiveCfg = Debug|x64
		{2E1BB55C-ECEE-4A99-AACE-42CE6937B42D}.Debug|Any CPU.Build.0 = Debug|x64
		{2E1BB55C-ECEE-4A99-AACE-42CE6937B42D}.Debug|x64.ActiveCfg = Debug|x64
		{2E1BB55C-ECEE-4A99-AACE-42CE6937B42D}.Debug|x64.Build.0 = Debug|x64
		{2E1BB55C-ECEE-4A99-AACE-42CE6937B42D}.Release|Any CPU.ActiveCfg = Release|Any CPU
		{2E1BB55C-ECEE-4A99-AACE-42CE6937B42D}.Release|Any CPU.Build.0 = Release|Any CPU
		{2E1BB55C-ECEE-4A99-AACE-42CE6937B42D}.Release|x64.ActiveCfg = Release|x64
		{2E1BB55C-ECEE-4A99-AACE-42CE6937B42D}.Release|x64.Build.0 = Release|x64
	EndGlobalSection
	GlobalSection(SolutionProperties) = preSolution
		HideSolutionNode = FALSE
	EndGlobalSection
EndGlobal
